
Microsoft Visual Studio Solution File, Format Version 12.00
# Visual Studio Version 16
VisualStudioVersion = 16.0.30114.105
MinimumVisualStudioVersion = 10.0.40219.1
Project("{FAE04EC0-301F-11D3-BF4B-00C04F79EFBC}") = "MVC_POS_project", "MVC_POS_project\MVC_POS_project.csproj", "{666CC755-CDAF-46CD-A101-763914FC8F1D}"
EndProject
Global
	GlobalSection(SolutionConfigurationPlatforms) = preSolution
		Debug|Any CPU = Debug|Any CPU
		Release|Any CPU = Release|Any CPU
	EndGlobalSection
	GlobalSection(ProjectConfigurationPlatforms) = postSolution
		{666CC755-CDAF-46CD-A101-763914FC8F1D}.Debug|Any CPU.ActiveCfg = Debug|Any CPU
		{666CC755-CDAF-46CD-A101-763914FC8F1D}.Debug|Any CPU.Build.0 = Debug|Any CPU
		{666CC755-CDAF-46CD-A101-763914FC8F1D}.Release|Any CPU.ActiveCfg = Release|Any CPU
		{666CC755-CDAF-46CD-A101-763914FC8F1D}.Release|Any CPU.Build.0 = Release|Any CPU
	EndGlobalSection
	GlobalSection(SolutionProperties) = preSolution
		HideSolutionNode = FALSE
	EndGlobalSection
	GlobalSection(ExtensibilityGlobals) = postSolution
		SolutionGuid = {DE09DC12-8F5E-41D9-89FC-4C98E1D8F67E}
	EndGlobalSection
EndGlobal
